// !$*UTF8*$!
{
	archiveVersion = 1;
	classes = {
	};
	objectVersion = 48;
	objects = {

/* Begin PBXBuildFile section */
		0305094DBBE79C7D70E5979A /* Pods_gelatoTests.framework in Frameworks */ = {isa = PBXBuildFile; fileRef = 19945B00C6FE26D42CE3D13B /* Pods_gelatoTests.framework */; };
		200674991FD6C5BC00D16EE6 /* FilterDishTableViewCell.swift in Sources */ = {isa = PBXBuildFile; fileRef = 200674981FD6C5BC00D16EE6 /* FilterDishTableViewCell.swift */; };
		2006749B1FD6C5D000D16EE6 /* FilterRestaurantTableViewCell.swift in Sources */ = {isa = PBXBuildFile; fileRef = 2006749A1FD6C5D000D16EE6 /* FilterRestaurantTableViewCell.swift */; };
		2006749D1FD6C5E800D16EE6 /* FilterIngredientTableViewCell.swift in Sources */ = {isa = PBXBuildFile; fileRef = 2006749C1FD6C5E800D16EE6 /* FilterIngredientTableViewCell.swift */; };
		200BC1FD1F5FB344005C30A1 /* SushiRoll.swift in Sources */ = {isa = PBXBuildFile; fileRef = 200BC1FC1F5FB344005C30A1 /* SushiRoll.swift */; };
		201458401FE4F5B2006B6120 /* MainViewModel.swift in Sources */ = {isa = PBXBuildFile; fileRef = 2014583F1FE4F5B2006B6120 /* MainViewModel.swift */; };
		201B38C31FD3D762004EB971 /* Dish.swift in Sources */ = {isa = PBXBuildFile; fileRef = 201B38C21FD3D762004EB971 /* Dish.swift */; };
		201B38C51FD3D775004EB971 /* Restaurant.swift in Sources */ = {isa = PBXBuildFile; fileRef = 201B38C41FD3D775004EB971 /* Restaurant.swift */; };
		201B38C71FD3D794004EB971 /* Ingredient.swift in Sources */ = {isa = PBXBuildFile; fileRef = 201B38C61FD3D794004EB971 /* Ingredient.swift */; };
		202C0DFE1FDC105300703224 /* CartViewModel.swift in Sources */ = {isa = PBXBuildFile; fileRef = 202C0DFD1FDC105300703224 /* CartViewModel.swift */; };
		202C0E011FDC153500703224 /* CartItem.swift in Sources */ = {isa = PBXBuildFile; fileRef = 202C0E001FDC153500703224 /* CartItem.swift */; };
		203C753D1FD014D400932C88 /* preloaded.realm in Resources */ = {isa = PBXBuildFile; fileRef = 203C753C1FD014D400932C88 /* preloaded.realm */; };
		204E33721FDCAF0B00684C56 /* CartViewController.swift in Sources */ = {isa = PBXBuildFile; fileRef = 204E33711FDCAF0B00684C56 /* CartViewController.swift */; };
		204E33751FDCB53200684C56 /* CartTableViewCell.swift in Sources */ = {isa = PBXBuildFile; fileRef = 204E33741FDCB53200684C56 /* CartTableViewCell.swift */; };
		2052ACBE1F96C9FA0077FEDF /* Cupcake.swift in Sources */ = {isa = PBXBuildFile; fileRef = 2052ACBD1F96C9FA0077FEDF /* Cupcake.swift */; };
		2052ACC01F96CAEB0077FEDF /* Waffle.swift in Sources */ = {isa = PBXBuildFile; fileRef = 2052ACBF1F96CAEB0077FEDF /* Waffle.swift */; };
		2060D58B1F71067B00B5490F /* Brownie.xib in Resources */ = {isa = PBXBuildFile; fileRef = 2060D58A1F71067B00B5490F /* Brownie.xib */; };
		2060D58D1F7106D400B5490F /* Brownie.swift in Sources */ = {isa = PBXBuildFile; fileRef = 2060D58C1F7106D400B5490F /* Brownie.swift */; };
		2066392A1FE5EF1F00D64D15 /* BiscuitGestureRecognizer.swift in Sources */ = {isa = PBXBuildFile; fileRef = 206639291FE5EF1F00D64D15 /* BiscuitGestureRecognizer.swift */; };
		20712AA21F70C7340008D557 /* FilterViewController.swift in Sources */ = {isa = PBXBuildFile; fileRef = 20712AA11F70C7340008D557 /* FilterViewController.swift */; };
		20712AA61F70CA5E0008D557 /* MealViewController.swift in Sources */ = {isa = PBXBuildFile; fileRef = 20712AA51F70CA5E0008D557 /* MealViewController.swift */; };
		20712AAA1F70CA770008D557 /* TrackingViewController.swift in Sources */ = {isa = PBXBuildFile; fileRef = 20712AA91F70CA770008D557 /* TrackingViewController.swift */; };
		207F77BD1FC41E8B004398B5 /* ingrediants.txt in Resources */ = {isa = PBXBuildFile; fileRef = 207F77BA1FC41E8B004398B5 /* ingrediants.txt */; };
		207F77BE1FC41E8B004398B5 /* dishes.txt in Resources */ = {isa = PBXBuildFile; fileRef = 207F77BB1FC41E8B004398B5 /* dishes.txt */; };
		207F77BF1FC41E8B004398B5 /* restaurants.txt in Resources */ = {isa = PBXBuildFile; fileRef = 207F77BC1FC41E8B004398B5 /* restaurants.txt */; };
		2085A7FB1FE4F02D00002918 /* Fondant.swift in Sources */ = {isa = PBXBuildFile; fileRef = 2085A7FA1FE4F02D00002918 /* Fondant.swift */; };
		2085A7FD1FE4F05E00002918 /* Fondant.xib in Resources */ = {isa = PBXBuildFile; fileRef = 2085A7FC1FE4F05E00002918 /* Fondant.xib */; };
		208C610B1FF2933000B35DF3 /* MealViewModel.swift in Sources */ = {isa = PBXBuildFile; fileRef = 208C610A1FF2933000B35DF3 /* MealViewModel.swift */; };
		208C610D1FF293AF00B35DF3 /* RealmManager.swift in Sources */ = {isa = PBXBuildFile; fileRef = 208C610C1FF293AF00B35DF3 /* RealmManager.swift */; };
		20A2BF061F720EF600553BD4 /* Fudge.swift in Sources */ = {isa = PBXBuildFile; fileRef = 20A2BF041F720EF600553BD4 /* Fudge.swift */; };
		20A2BF071F720EF600553BD4 /* Fudge.xib in Resources */ = {isa = PBXBuildFile; fileRef = 20A2BF051F720EF600553BD4 /* Fudge.xib */; };
		20A963721F6D1DAB00F528F4 /* Main.storyboard in Resources */ = {isa = PBXBuildFile; fileRef = 20A963701F6D1DAB00F528F4 /* Main.storyboard */; };
		20AD60061F9730650052DD9E /* MMSlidingButton.swift in Sources */ = {isa = PBXBuildFile; fileRef = 20AD60051F9730650052DD9E /* MMSlidingButton.swift */; };
		20B276A61F5F967700C1FEEF /* AppDelegate.swift in Sources */ = {isa = PBXBuildFile; fileRef = 20B276A51F5F967700C1FEEF /* AppDelegate.swift */; };
		20B276A81F5F967700C1FEEF /* MainViewController.swift in Sources */ = {isa = PBXBuildFile; fileRef = 20B276A71F5F967700C1FEEF /* MainViewController.swift */; };
		20B276B01F5F967700C1FEEF /* Assets.xcassets in Resources */ = {isa = PBXBuildFile; fileRef = 20B276AF1F5F967700C1FEEF /* Assets.xcassets */; };
		20B276B31F5F967700C1FEEF /* LaunchScreen.storyboard in Resources */ = {isa = PBXBuildFile; fileRef = 20B276B11F5F967700C1FEEF /* LaunchScreen.storyboard */; };
		20B276BE1F5F967700C1FEEF /* gelatoTests.swift in Sources */ = {isa = PBXBuildFile; fileRef = 20B276BD1F5F967700C1FEEF /* gelatoTests.swift */; };
		20B276C91F5F967700C1FEEF /* gelatoUITests.swift in Sources */ = {isa = PBXBuildFile; fileRef = 20B276C81F5F967700C1FEEF /* gelatoUITests.swift */; };
		20B276D71F5FA95400C1FEEF /* Biscuit.swift in Sources */ = {isa = PBXBuildFile; fileRef = 20B276D61F5FA95400C1FEEF /* Biscuit.swift */; };
		20B276D91F5FA99100C1FEEF /* Biscuit.xib in Resources */ = {isa = PBXBuildFile; fileRef = 20B276D81F5FA99100C1FEEF /* Biscuit.xib */; };
		20C115C71FD56FA100859B89 /* FilterViewModel.swift in Sources */ = {isa = PBXBuildFile; fileRef = 20C115C61FD56FA100859B89 /* FilterViewModel.swift */; };
		20CB03D81F721E17004767C4 /* RestaurantViewController.swift in Sources */ = {isa = PBXBuildFile; fileRef = 20CB03D71F721E17004767C4 /* RestaurantViewController.swift */; };
		20DAE8C81FAF03A600005461 /* Cheesecake.swift in Sources */ = {isa = PBXBuildFile; fileRef = 20DAE8C71FAF03A600005461 /* Cheesecake.swift */; };
		B1A925D4CC5FA506354C6124 /* Pods_gelatoUITests.framework in Frameworks */ = {isa = PBXBuildFile; fileRef = 0B4E64E80457912F89745A8D /* Pods_gelatoUITests.framework */; };
		F3BBB6DEB6F6F0FC958D8B49 /* Pods_gelato.framework in Frameworks */ = {isa = PBXBuildFile; fileRef = 2E23168E0A26196EED33D5FC /* Pods_gelato.framework */; };
/* End PBXBuildFile section */

/* Begin PBXContainerItemProxy section */
		20B276BA1F5F967700C1FEEF /* PBXContainerItemProxy */ = {
			isa = PBXContainerItemProxy;
			containerPortal = 20B2769A1F5F967700C1FEEF /* Project object */;
			proxyType = 1;
			remoteGlobalIDString = 20B276A11F5F967700C1FEEF;
			remoteInfo = gelato;
		};
		20B276C51F5F967700C1FEEF /* PBXContainerItemProxy */ = {
			isa = PBXContainerItemProxy;
			containerPortal = 20B2769A1F5F967700C1FEEF /* Project object */;
			proxyType = 1;
			remoteGlobalIDString = 20B276A11F5F967700C1FEEF;
			remoteInfo = gelato;
		};
/* End PBXContainerItemProxy section */

/* Begin PBXFileReference section */
		0B1A31D7267A840E3114108A /* Pods-gelatoUITests.debug.xcconfig */ = {isa = PBXFileReference; includeInIndex = 1; lastKnownFileType = text.xcconfig; name = "Pods-gelatoUITests.debug.xcconfig"; path = "Pods/Target Support Files/Pods-gelatoUITests/Pods-gelatoUITests.debug.xcconfig"; sourceTree = "<group>"; };
		0B4E64E80457912F89745A8D /* Pods_gelatoUITests.framework */ = {isa = PBXFileReference; explicitFileType = wrapper.framework; includeInIndex = 0; path = Pods_gelatoUITests.framework; sourceTree = BUILT_PRODUCTS_DIR; };
		19945B00C6FE26D42CE3D13B /* Pods_gelatoTests.framework */ = {isa = PBXFileReference; explicitFileType = wrapper.framework; includeInIndex = 0; path = Pods_gelatoTests.framework; sourceTree = BUILT_PRODUCTS_DIR; };
		1BBE6C7D561A12DEE0F7F6D9 /* Pods-gelatoTests.release.xcconfig */ = {isa = PBXFileReference; includeInIndex = 1; lastKnownFileType = text.xcconfig; name = "Pods-gelatoTests.release.xcconfig"; path = "Pods/Target Support Files/Pods-gelatoTests/Pods-gelatoTests.release.xcconfig"; sourceTree = "<group>"; };
		200674981FD6C5BC00D16EE6 /* FilterDishTableViewCell.swift */ = {isa = PBXFileReference; lastKnownFileType = sourcecode.swift; path = FilterDishTableViewCell.swift; sourceTree = "<group>"; };
		2006749A1FD6C5D000D16EE6 /* FilterRestaurantTableViewCell.swift */ = {isa = PBXFileReference; lastKnownFileType = sourcecode.swift; path = FilterRestaurantTableViewCell.swift; sourceTree = "<group>"; };
		2006749C1FD6C5E800D16EE6 /* FilterIngredientTableViewCell.swift */ = {isa = PBXFileReference; lastKnownFileType = sourcecode.swift; path = FilterIngredientTableViewCell.swift; sourceTree = "<group>"; };
		200BC1FC1F5FB344005C30A1 /* SushiRoll.swift */ = {isa = PBXFileReference; fileEncoding = 4; lastKnownFileType = sourcecode.swift; path = SushiRoll.swift; sourceTree = "<group>"; };
		2014583F1FE4F5B2006B6120 /* MainViewModel.swift */ = {isa = PBXFileReference; lastKnownFileType = sourcecode.swift; path = MainViewModel.swift; sourceTree = "<group>"; };
		201B38C21FD3D762004EB971 /* Dish.swift */ = {isa = PBXFileReference; lastKnownFileType = sourcecode.swift; path = Dish.swift; sourceTree = "<group>"; };
		201B38C41FD3D775004EB971 /* Restaurant.swift */ = {isa = PBXFileReference; lastKnownFileType = sourcecode.swift; path = Restaurant.swift; sourceTree = "<group>"; };
		201B38C61FD3D794004EB971 /* Ingredient.swift */ = {isa = PBXFileReference; lastKnownFileType = sourcecode.swift; path = Ingredient.swift; sourceTree = "<group>"; };
		202C0DFD1FDC105300703224 /* CartViewModel.swift */ = {isa = PBXFileReference; lastKnownFileType = sourcecode.swift; path = CartViewModel.swift; sourceTree = "<group>"; };
		202C0E001FDC153500703224 /* CartItem.swift */ = {isa = PBXFileReference; lastKnownFileType = sourcecode.swift; path = CartItem.swift; sourceTree = "<group>"; };
		20393B91216622D100E68B0A /* gelato-Bridging-Header.h */ = {isa = PBXFileReference; lastKnownFileType = sourcecode.c.h; path = "gelato-Bridging-Header.h"; sourceTree = "<group>"; };
		203C753C1FD014D400932C88 /* preloaded.realm */ = {isa = PBXFileReference; lastKnownFileType = file; path = preloaded.realm; sourceTree = "<group>"; };
		204E33711FDCAF0B00684C56 /* CartViewController.swift */ = {isa = PBXFileReference; lastKnownFileType = sourcecode.swift; path = CartViewController.swift; sourceTree = "<group>"; };
		204E33741FDCB53200684C56 /* CartTableViewCell.swift */ = {isa = PBXFileReference; lastKnownFileType = sourcecode.swift; path = CartTableViewCell.swift; sourceTree = "<group>"; };
		2052ACBD1F96C9FA0077FEDF /* Cupcake.swift */ = {isa = PBXFileReference; lastKnownFileType = sourcecode.swift; path = Cupcake.swift; sourceTree = "<group>"; };
		2052ACBF1F96CAEB0077FEDF /* Waffle.swift */ = {isa = PBXFileReference; lastKnownFileType = sourcecode.swift; path = Waffle.swift; sourceTree = "<group>"; };
		2060D58A1F71067B00B5490F /* Brownie.xib */ = {isa = PBXFileReference; lastKnownFileType = file.xib; path = Brownie.xib; sourceTree = "<group>"; };
		2060D58C1F7106D400B5490F /* Brownie.swift */ = {isa = PBXFileReference; lastKnownFileType = sourcecode.swift; path = Brownie.swift; sourceTree = "<group>"; };
		206639291FE5EF1F00D64D15 /* BiscuitGestureRecognizer.swift */ = {isa = PBXFileReference; lastKnownFileType = sourcecode.swift; path = BiscuitGestureRecognizer.swift; sourceTree = "<group>"; };
		20712AA11F70C7340008D557 /* FilterViewController.swift */ = {isa = PBXFileReference; lastKnownFileType = sourcecode.swift; path = FilterViewController.swift; sourceTree = "<group>"; };
		20712AA51F70CA5E0008D557 /* MealViewController.swift */ = {isa = PBXFileReference; lastKnownFileType = sourcecode.swift; path = MealViewController.swift; sourceTree = "<group>"; };
		20712AA91F70CA770008D557 /* TrackingViewController.swift */ = {isa = PBXFileReference; lastKnownFileType = sourcecode.swift; path = TrackingViewController.swift; sourceTree = "<group>"; };
		207F77BA1FC41E8B004398B5 /* ingrediants.txt */ = {isa = PBXFileReference; fileEncoding = 4; lastKnownFileType = text; path = ingrediants.txt; sourceTree = "<group>"; };
		207F77BB1FC41E8B004398B5 /* dishes.txt */ = {isa = PBXFileReference; fileEncoding = 4; lastKnownFileType = text; path = dishes.txt; sourceTree = "<group>"; };
		207F77BC1FC41E8B004398B5 /* restaurants.txt */ = {isa = PBXFileReference; fileEncoding = 4; lastKnownFileType = text; path = restaurants.txt; sourceTree = "<group>"; };
		2085A7FA1FE4F02D00002918 /* Fondant.swift */ = {isa = PBXFileReference; lastKnownFileType = sourcecode.swift; path = Fondant.swift; sourceTree = "<group>"; };
		2085A7FC1FE4F05E00002918 /* Fondant.xib */ = {isa = PBXFileReference; lastKnownFileType = file.xib; path = Fondant.xib; sourceTree = "<group>"; };
		208C610A1FF2933000B35DF3 /* MealViewModel.swift */ = {isa = PBXFileReference; lastKnownFileType = sourcecode.swift; path = MealViewModel.swift; sourceTree = "<group>"; };
		208C610C1FF293AF00B35DF3 /* RealmManager.swift */ = {isa = PBXFileReference; lastKnownFileType = sourcecode.swift; path = RealmManager.swift; sourceTree = "<group>"; };
		20A2BF041F720EF600553BD4 /* Fudge.swift */ = {isa = PBXFileReference; lastKnownFileType = sourcecode.swift; path = Fudge.swift; sourceTree = "<group>"; };
		20A2BF051F720EF600553BD4 /* Fudge.xib */ = {isa = PBXFileReference; lastKnownFileType = file.xib; path = Fudge.xib; sourceTree = "<group>"; };
		20A963711F6D1DAB00F528F4 /* Base */ = {isa = PBXFileReference; lastKnownFileType = file.storyboard; name = Base; path = Base.lproj/Main.storyboard; sourceTree = "<group>"; };
		20AD60051F9730650052DD9E /* MMSlidingButton.swift */ = {isa = PBXFileReference; lastKnownFileType = sourcecode.swift; path = MMSlidingButton.swift; sourceTree = "<group>"; };
		20B276A21F5F967700C1FEEF /* gelato.app */ = {isa = PBXFileReference; explicitFileType = wrapper.application; includeInIndex = 0; path = gelato.app; sourceTree = BUILT_PRODUCTS_DIR; };
		20B276A51F5F967700C1FEEF /* AppDelegate.swift */ = {isa = PBXFileReference; lastKnownFileType = sourcecode.swift; path = AppDelegate.swift; sourceTree = "<group>"; };
		20B276A71F5F967700C1FEEF /* MainViewController.swift */ = {isa = PBXFileReference; lastKnownFileType = sourcecode.swift; path = MainViewController.swift; sourceTree = "<group>"; };
		20B276AF1F5F967700C1FEEF /* Assets.xcassets */ = {isa = PBXFileReference; lastKnownFileType = folder.assetcatalog; path = Assets.xcassets; sourceTree = "<group>"; };
		20B276B21F5F967700C1FEEF /* Base */ = {isa = PBXFileReference; lastKnownFileType = file.storyboard; name = Base; path = Base.lproj/LaunchScreen.storyboard; sourceTree = "<group>"; };
		20B276B41F5F967700C1FEEF /* Info.plist */ = {isa = PBXFileReference; lastKnownFileType = text.plist.xml; path = Info.plist; sourceTree = "<group>"; };
		20B276B91F5F967700C1FEEF /* gelatoTests.xctest */ = {isa = PBXFileReference; explicitFileType = wrapper.cfbundle; includeInIndex = 0; path = gelatoTests.xctest; sourceTree = BUILT_PRODUCTS_DIR; };
		20B276BD1F5F967700C1FEEF /* gelatoTests.swift */ = {isa = PBXFileReference; lastKnownFileType = sourcecode.swift; path = gelatoTests.swift; sourceTree = "<group>"; };
		20B276BF1F5F967700C1FEEF /* Info.plist */ = {isa = PBXFileReference; lastKnownFileType = text.plist.xml; path = Info.plist; sourceTree = "<group>"; };
		20B276C41F5F967700C1FEEF /* gelatoUITests.xctest */ = {isa = PBXFileReference; explicitFileType = wrapper.cfbundle; includeInIndex = 0; path = gelatoUITests.xctest; sourceTree = BUILT_PRODUCTS_DIR; };
		20B276C81F5F967700C1FEEF /* gelatoUITests.swift */ = {isa = PBXFileReference; lastKnownFileType = sourcecode.swift; path = gelatoUITests.swift; sourceTree = "<group>"; };
		20B276CA1F5F967700C1FEEF /* Info.plist */ = {isa = PBXFileReference; lastKnownFileType = text.plist.xml; path = Info.plist; sourceTree = "<group>"; };
		20B276D61F5FA95400C1FEEF /* Biscuit.swift */ = {isa = PBXFileReference; fileEncoding = 4; lastKnownFileType = sourcecode.swift; path = Biscuit.swift; sourceTree = "<group>"; };
		20B276D81F5FA99100C1FEEF /* Biscuit.xib */ = {isa = PBXFileReference; fileEncoding = 4; lastKnownFileType = file.xib; path = Biscuit.xib; sourceTree = "<group>"; };
		20C115C61FD56FA100859B89 /* FilterViewModel.swift */ = {isa = PBXFileReference; lastKnownFileType = sourcecode.swift; path = FilterViewModel.swift; sourceTree = "<group>"; };
		20CB03D71F721E17004767C4 /* RestaurantViewController.swift */ = {isa = PBXFileReference; lastKnownFileType = sourcecode.swift; path = RestaurantViewController.swift; sourceTree = "<group>"; };
		20DAE8C71FAF03A600005461 /* Cheesecake.swift */ = {isa = PBXFileReference; lastKnownFileType = sourcecode.swift; path = Cheesecake.swift; sourceTree = "<group>"; };
		2E23168E0A26196EED33D5FC /* Pods_gelato.framework */ = {isa = PBXFileReference; explicitFileType = wrapper.framework; includeInIndex = 0; path = Pods_gelato.framework; sourceTree = BUILT_PRODUCTS_DIR; };
		6E6747E1E0192040875E297E /* Pods-gelato.debug.xcconfig */ = {isa = PBXFileReference; includeInIndex = 1; lastKnownFileType = text.xcconfig; name = "Pods-gelato.debug.xcconfig"; path = "Pods/Target Support Files/Pods-gelato/Pods-gelato.debug.xcconfig"; sourceTree = "<group>"; };
		AD595B98EFFFA40C81654688 /* Pods-gelato.release.xcconfig */ = {isa = PBXFileReference; includeInIndex = 1; lastKnownFileType = text.xcconfig; name = "Pods-gelato.release.xcconfig"; path = "Pods/Target Support Files/Pods-gelato/Pods-gelato.release.xcconfig"; sourceTree = "<group>"; };
		BBF4F9C12CF1E2C5852718C3 /* Pods-gelatoTests.debug.xcconfig */ = {isa = PBXFileReference; includeInIndex = 1; lastKnownFileType = text.xcconfig; name = "Pods-gelatoTests.debug.xcconfig"; path = "Pods/Target Support Files/Pods-gelatoTests/Pods-gelatoTests.debug.xcconfig"; sourceTree = "<group>"; };
		D888AD57B8BD454AA94A4C91 /* Pods-gelatoUITests.release.xcconfig */ = {isa = PBXFileReference; includeInIndex = 1; lastKnownFileType = text.xcconfig; name = "Pods-gelatoUITests.release.xcconfig"; path = "Pods/Target Support Files/Pods-gelatoUITests/Pods-gelatoUITests.release.xcconfig"; sourceTree = "<group>"; };
/* End PBXFileReference section */

/* Begin PBXFrameworksBuildPhase section */
		20B2769F1F5F967700C1FEEF /* Frameworks */ = {
			isa = PBXFrameworksBuildPhase;
			buildActionMask = 2147483647;
			files = (
				F3BBB6DEB6F6F0FC958D8B49 /* Pods_gelato.framework in Frameworks */,
			);
			runOnlyForDeploymentPostprocessing = 0;
		};
		20B276B61F5F967700C1FEEF /* Frameworks */ = {
			isa = PBXFrameworksBuildPhase;
			buildActionMask = 2147483647;
			files = (
				0305094DBBE79C7D70E5979A /* Pods_gelatoTests.framework in Frameworks */,
			);
			runOnlyForDeploymentPostprocessing = 0;
		};
		20B276C11F5F967700C1FEEF /* Frameworks */ = {
			isa = PBXFrameworksBuildPhase;
			buildActionMask = 2147483647;
			files = (
				B1A925D4CC5FA506354C6124 /* Pods_gelatoUITests.framework in Frameworks */,
			);
			runOnlyForDeploymentPostprocessing = 0;
		};
/* End PBXFrameworksBuildPhase section */

/* Begin PBXGroup section */
		203C753B1FD0052200932C88 /* Data Model */ = {
			isa = PBXGroup;
			children = (
				201B38C61FD3D794004EB971 /* Ingredient.swift */,
				201B38C41FD3D775004EB971 /* Restaurant.swift */,
				201B38C21FD3D762004EB971 /* Dish.swift */,
				202C0E001FDC153500703224 /* CartItem.swift */,
			);
			path = "Data Model";
			sourceTree = "<group>";
		};
		20712AAC1F70CACA0008D557 /* View Controller */ = {
			isa = PBXGroup;
			children = (
				204E33711FDCAF0B00684C56 /* CartViewController.swift */,
				20712AA11F70C7340008D557 /* FilterViewController.swift */,
				20B276A71F5F967700C1FEEF /* MainViewController.swift */,
				20712AA51F70CA5E0008D557 /* MealViewController.swift */,
				20CB03D71F721E17004767C4 /* RestaurantViewController.swift */,
				20712AA91F70CA770008D557 /* TrackingViewController.swift */,
			);
			name = "View Controller";
			sourceTree = "<group>";
		};
		207F77B91FC41DF8004398B5 /* Dummy data */ = {
			isa = PBXGroup;
			children = (
				203C753C1FD014D400932C88 /* preloaded.realm */,
				207F77BB1FC41E8B004398B5 /* dishes.txt */,
				207F77BA1FC41E8B004398B5 /* ingrediants.txt */,
				207F77BC1FC41E8B004398B5 /* restaurants.txt */,
			);
			path = "Dummy data";
			sourceTree = "<group>";
		};
		208C610E1FF293CE00B35DF3 /* DataManager */ = {
			isa = PBXGroup;
			children = (
				208C610C1FF293AF00B35DF3 /* RealmManager.swift */,
			);
			path = DataManager;
			sourceTree = "<group>";
		};
		20B276991F5F967700C1FEEF = {
			isa = PBXGroup;
			children = (
				20B276A41F5F967700C1FEEF /* gelato */,
				20B276BC1F5F967700C1FEEF /* gelatoTests */,
				20B276C71F5F967700C1FEEF /* gelatoUITests */,
				20B276A31F5F967700C1FEEF /* Products */,
				C57A4130AC11A51F54DD0555 /* Pods */,
				32DD20685A0B3DF6F0A60E01 /* Frameworks */,
				20393B91216622D100E68B0A /* gelato-Bridging-Header.h */,
			);
			sourceTree = "<group>";
		};
		20B276A31F5F967700C1FEEF /* Products */ = {
			isa = PBXGroup;
			children = (
				20B276A21F5F967700C1FEEF /* gelato.app */,
				20B276B91F5F967700C1FEEF /* gelatoTests.xctest */,
				20B276C41F5F967700C1FEEF /* gelatoUITests.xctest */,
			);
			name = Products;
			sourceTree = "<group>";
		};
		20B276A41F5F967700C1FEEF /* gelato */ = {
			isa = PBXGroup;
			children = (
				20B276A51F5F967700C1FEEF /* AppDelegate.swift */,
				20B276AF1F5F967700C1FEEF /* Assets.xcassets */,
				203C753B1FD0052200932C88 /* Data Model */,
				208C610E1FF293CE00B35DF3 /* DataManager */,
				207F77B91FC41DF8004398B5 /* Dummy data */,
				20B276B41F5F967700C1FEEF /* Info.plist */,
				20B276B11F5F967700C1FEEF /* LaunchScreen.storyboard */,
				20A963701F6D1DAB00F528F4 /* Main.storyboard */,
				20B276DA1F5FAA1F00C1FEEF /* UI Component */,
				20712AAC1F70CACA0008D557 /* View Controller */,
				20C115C81FD56FAA00859B89 /* ViewModel */,
			);
			path = gelato;
			sourceTree = "<group>";
		};
		20B276BC1F5F967700C1FEEF /* gelatoTests */ = {
			isa = PBXGroup;
			children = (
				20B276BD1F5F967700C1FEEF /* gelatoTests.swift */,
				20B276BF1F5F967700C1FEEF /* Info.plist */,
			);
			path = gelatoTests;
			sourceTree = "<group>";
		};
		20B276C71F5F967700C1FEEF /* gelatoUITests */ = {
			isa = PBXGroup;
			children = (
				20B276C81F5F967700C1FEEF /* gelatoUITests.swift */,
				20B276CA1F5F967700C1FEEF /* Info.plist */,
			);
			path = gelatoUITests;
			sourceTree = "<group>";
		};
		20B276DA1F5FAA1F00C1FEEF /* UI Component */ = {
			isa = PBXGroup;
			children = (
				20B276D61F5FA95400C1FEEF /* Biscuit.swift */,
				20B276D81F5FA99100C1FEEF /* Biscuit.xib */,
				206639291FE5EF1F00D64D15 /* BiscuitGestureRecognizer.swift */,
				2060D58C1F7106D400B5490F /* Brownie.swift */,
				2060D58A1F71067B00B5490F /* Brownie.xib */,
				204E33741FDCB53200684C56 /* CartTableViewCell.swift */,
				20DAE8C71FAF03A600005461 /* Cheesecake.swift */,
				2052ACBD1F96C9FA0077FEDF /* Cupcake.swift */,
				200674981FD6C5BC00D16EE6 /* FilterDishTableViewCell.swift */,
				2006749C1FD6C5E800D16EE6 /* FilterIngredientTableViewCell.swift */,
				2006749A1FD6C5D000D16EE6 /* FilterRestaurantTableViewCell.swift */,
				2085A7FA1FE4F02D00002918 /* Fondant.swift */,
				2085A7FC1FE4F05E00002918 /* Fondant.xib */,
				20A2BF041F720EF600553BD4 /* Fudge.swift */,
				20A2BF051F720EF600553BD4 /* Fudge.xib */,
				20AD60051F9730650052DD9E /* MMSlidingButton.swift */,
				200BC1FC1F5FB344005C30A1 /* SushiRoll.swift */,
				2052ACBF1F96CAEB0077FEDF /* Waffle.swift */,
			);
			name = "UI Component";
			sourceTree = "<group>";
		};
		20C115C81FD56FAA00859B89 /* ViewModel */ = {
			isa = PBXGroup;
			children = (
				202C0DFD1FDC105300703224 /* CartViewModel.swift */,
				20C115C61FD56FA100859B89 /* FilterViewModel.swift */,
				2014583F1FE4F5B2006B6120 /* MainViewModel.swift */,
				208C610A1FF2933000B35DF3 /* MealViewModel.swift */,
			);
			path = ViewModel;
			sourceTree = "<group>";
		};
		32DD20685A0B3DF6F0A60E01 /* Frameworks */ = {
			isa = PBXGroup;
			children = (
				2E23168E0A26196EED33D5FC /* Pods_gelato.framework */,
				19945B00C6FE26D42CE3D13B /* Pods_gelatoTests.framework */,
				0B4E64E80457912F89745A8D /* Pods_gelatoUITests.framework */,
			);
			name = Frameworks;
			sourceTree = "<group>";
		};
		C57A4130AC11A51F54DD0555 /* Pods */ = {
			isa = PBXGroup;
			children = (
				6E6747E1E0192040875E297E /* Pods-gelato.debug.xcconfig */,
				AD595B98EFFFA40C81654688 /* Pods-gelato.release.xcconfig */,
				BBF4F9C12CF1E2C5852718C3 /* Pods-gelatoTests.debug.xcconfig */,
				1BBE6C7D561A12DEE0F7F6D9 /* Pods-gelatoTests.release.xcconfig */,
				0B1A31D7267A840E3114108A /* Pods-gelatoUITests.debug.xcconfig */,
				D888AD57B8BD454AA94A4C91 /* Pods-gelatoUITests.release.xcconfig */,
			);
			name = Pods;
			sourceTree = "<group>";
		};
/* End PBXGroup section */

/* Begin PBXNativeTarget section */
		20B276A11F5F967700C1FEEF /* gelato */ = {
			isa = PBXNativeTarget;
			buildConfigurationList = 20B276CD1F5F967700C1FEEF /* Build configuration list for PBXNativeTarget "gelato" */;
			buildPhases = (
				9EF273564043405362093D8A /* [CP] Check Pods Manifest.lock */,
				20B2769E1F5F967700C1FEEF /* Sources */,
				20B2769F1F5F967700C1FEEF /* Frameworks */,
				20B276A01F5F967700C1FEEF /* Resources */,
				DEB77E43AD59A3560D405A67 /* [CP] Embed Pods Frameworks */,
				20393B9021661F8B00E68B0A /* ShellScript */,
				240FE4C8417786BF6C9A317A /* [CP] Copy Pods Resources */,
			);
			buildRules = (
			);
			dependencies = (
			);
			name = gelato;
			productName = gelato;
			productReference = 20B276A21F5F967700C1FEEF /* gelato.app */;
			productType = "com.apple.product-type.application";
		};
		20B276B81F5F967700C1FEEF /* gelatoTests */ = {
			isa = PBXNativeTarget;
			buildConfigurationList = 20B276D01F5F967700C1FEEF /* Build configuration list for PBXNativeTarget "gelatoTests" */;
			buildPhases = (
				5A8452F907F89C3BB28010B9 /* [CP] Check Pods Manifest.lock */,
				20B276B51F5F967700C1FEEF /* Sources */,
				20B276B61F5F967700C1FEEF /* Frameworks */,
				20B276B71F5F967700C1FEEF /* Resources */,
			);
			buildRules = (
			);
			dependencies = (
				20B276BB1F5F967700C1FEEF /* PBXTargetDependency */,
			);
			name = gelatoTests;
			productName = gelatoTests;
			productReference = 20B276B91F5F967700C1FEEF /* gelatoTests.xctest */;
			productType = "com.apple.product-type.bundle.unit-test";
		};
		20B276C31F5F967700C1FEEF /* gelatoUITests */ = {
			isa = PBXNativeTarget;
			buildConfigurationList = 20B276D31F5F967700C1FEEF /* Build configuration list for PBXNativeTarget "gelatoUITests" */;
			buildPhases = (
				01157F8CF8D53758C2EB8292 /* [CP] Check Pods Manifest.lock */,
				20B276C01F5F967700C1FEEF /* Sources */,
				20B276C11F5F967700C1FEEF /* Frameworks */,
				20B276C21F5F967700C1FEEF /* Resources */,
			);
			buildRules = (
			);
			dependencies = (
				20B276C61F5F967700C1FEEF /* PBXTargetDependency */,
			);
			name = gelatoUITests;
			productName = gelatoUITests;
			productReference = 20B276C41F5F967700C1FEEF /* gelatoUITests.xctest */;
			productType = "com.apple.product-type.bundle.ui-testing";
		};
/* End PBXNativeTarget section */

/* Begin PBXProject section */
		20B2769A1F5F967700C1FEEF /* Project object */ = {
			isa = PBXProject;
			attributes = {
				LastSwiftUpdateCheck = 0830;
				LastUpgradeCheck = 0900;
				ORGANIZATIONNAME = Zurasta;
				TargetAttributes = {
					20B276A11F5F967700C1FEEF = {
						CreatedOnToolsVersion = 8.3.3;
						LastSwiftMigration = 1000;
						ProvisioningStyle = Automatic;
					};
					20B276B81F5F967700C1FEEF = {
						CreatedOnToolsVersion = 8.3.3;
						LastSwiftMigration = 0900;
						ProvisioningStyle = Automatic;
						TestTargetID = 20B276A11F5F967700C1FEEF;
					};
					20B276C31F5F967700C1FEEF = {
						CreatedOnToolsVersion = 8.3.3;
						LastSwiftMigration = 0900;
						ProvisioningStyle = Automatic;
						TestTargetID = 20B276A11F5F967700C1FEEF;
					};
				};
			};
			buildConfigurationList = 20B2769D1F5F967700C1FEEF /* Build configuration list for PBXProject "gelato" */;
			compatibilityVersion = "Xcode 8.0";
			developmentRegion = English;
			hasScannedForEncodings = 0;
			knownRegions = (
				en,
				Base,
			);
			mainGroup = 20B276991F5F967700C1FEEF;
			productRefGroup = 20B276A31F5F967700C1FEEF /* Products */;
			projectDirPath = "";
			projectRoot = "";
			targets = (
				20B276A11F5F967700C1FEEF /* gelato */,
				20B276B81F5F967700C1FEEF /* gelatoTests */,
				20B276C31F5F967700C1FEEF /* gelatoUITests */,
			);
		};
/* End PBXProject section */

/* Begin PBXResourcesBuildPhase section */
		20B276A01F5F967700C1FEEF /* Resources */ = {
			isa = PBXResourcesBuildPhase;
			buildActionMask = 2147483647;
			files = (
				207F77BE1FC41E8B004398B5 /* dishes.txt in Resources */,
				207F77BD1FC41E8B004398B5 /* ingrediants.txt in Resources */,
				2085A7FD1FE4F05E00002918 /* Fondant.xib in Resources */,
				20B276B31F5F967700C1FEEF /* LaunchScreen.storyboard in Resources */,
				2060D58B1F71067B00B5490F /* Brownie.xib in Resources */,
				20B276B01F5F967700C1FEEF /* Assets.xcassets in Resources */,
				203C753D1FD014D400932C88 /* preloaded.realm in Resources */,
				20A2BF071F720EF600553BD4 /* Fudge.xib in Resources */,
				20B276D91F5FA99100C1FEEF /* Biscuit.xib in Resources */,
				207F77BF1FC41E8B004398B5 /* restaurants.txt in Resources */,
				20A963721F6D1DAB00F528F4 /* Main.storyboard in Resources */,
			);
			runOnlyForDeploymentPostprocessing = 0;
		};
		20B276B71F5F967700C1FEEF /* Resources */ = {
			isa = PBXResourcesBuildPhase;
			buildActionMask = 2147483647;
			files = (
			);
			runOnlyForDeploymentPostprocessing = 0;
		};
		20B276C21F5F967700C1FEEF /* Resources */ = {
			isa = PBXResourcesBuildPhase;
			buildActionMask = 2147483647;
			files = (
			);
			runOnlyForDeploymentPostprocessing = 0;
		};
/* End PBXResourcesBuildPhase section */

/* Begin PBXShellScriptBuildPhase section */
		01157F8CF8D53758C2EB8292 /* [CP] Check Pods Manifest.lock */ = {
			isa = PBXShellScriptBuildPhase;
			buildActionMask = 2147483647;
			files = (
			);
			inputPaths = (
				"${PODS_PODFILE_DIR_PATH}/Podfile.lock",
				"${PODS_ROOT}/Manifest.lock",
			);
			name = "[CP] Check Pods Manifest.lock";
			outputPaths = (
				"$(DERIVED_FILE_DIR)/Pods-gelatoUITests-checkManifestLockResult.txt",
			);
			runOnlyForDeploymentPostprocessing = 0;
			shellPath = /bin/sh;
			shellScript = "diff \"${PODS_PODFILE_DIR_PATH}/Podfile.lock\" \"${PODS_ROOT}/Manifest.lock\" > /dev/null\nif [ $? != 0 ] ; then\n    # print error to STDERR\n    echo \"error: The sandbox is not in sync with the Podfile.lock. Run 'pod install' or update your CocoaPods installation.\" >&2\n    exit 1\nfi\n# This output is used by Xcode 'outputs' to avoid re-running this script phase.\necho \"SUCCESS\" > \"${SCRIPT_OUTPUT_FILE_0}\"\n";
			showEnvVarsInLog = 0;
		};
		20393B9021661F8B00E68B0A /* ShellScript */ = {
			isa = PBXShellScriptBuildPhase;
			buildActionMask = 2147483647;
			files = (
			);
			inputPaths = (
			);
			outputPaths = (
			);
			runOnlyForDeploymentPostprocessing = 0;
			shellPath = /bin/sh;
			shellScript = "FILE=\"${SRCROOT}/HockeySDK-iOS/BuildAgent\"\nif [ -f \"$FILE\" ]; then\n\"$FILE\"\nfi\n";
		};
		240FE4C8417786BF6C9A317A /* [CP] Copy Pods Resources */ = {
			isa = PBXShellScriptBuildPhase;
			buildActionMask = 2147483647;
			files = (
			);
			inputPaths = (
				"${SRCROOT}/Pods/Target Support Files/Pods-gelato/Pods-gelato-resources.sh",
				"${PODS_CONFIGURATION_BUILD_DIR}/HockeySDK/HockeySDKResources.bundle",
			);
			name = "[CP] Copy Pods Resources";
			outputPaths = (
				"${TARGET_BUILD_DIR}/${UNLOCALIZED_RESOURCES_FOLDER_PATH}/HockeySDKResources.bundle",
			);
			runOnlyForDeploymentPostprocessing = 0;
			shellPath = /bin/sh;
			shellScript = "\"${SRCROOT}/Pods/Target Support Files/Pods-gelato/Pods-gelato-resources.sh\"\n";
			showEnvVarsInLog = 0;
		};
		5A8452F907F89C3BB28010B9 /* [CP] Check Pods Manifest.lock */ = {
			isa = PBXShellScriptBuildPhase;
			buildActionMask = 2147483647;
			files = (
			);
			inputPaths = (
				"${PODS_PODFILE_DIR_PATH}/Podfile.lock",
				"${PODS_ROOT}/Manifest.lock",
			);
			name = "[CP] Check Pods Manifest.lock";
			outputPaths = (
				"$(DERIVED_FILE_DIR)/Pods-gelatoTests-checkManifestLockResult.txt",
			);
			runOnlyForDeploymentPostprocessing = 0;
			shellPath = /bin/sh;
			shellScript = "diff \"${PODS_PODFILE_DIR_PATH}/Podfile.lock\" \"${PODS_ROOT}/Manifest.lock\" > /dev/null\nif [ $? != 0 ] ; then\n    # print error to STDERR\n    echo \"error: The sandbox is not in sync with the Podfile.lock. Run 'pod install' or update your CocoaPods installation.\" >&2\n    exit 1\nfi\n# This output is used by Xcode 'outputs' to avoid re-running this script phase.\necho \"SUCCESS\" > \"${SCRIPT_OUTPUT_FILE_0}\"\n";
			showEnvVarsInLog = 0;
		};
		9EF273564043405362093D8A /* [CP] Check Pods Manifest.lock */ = {
			isa = PBXShellScriptBuildPhase;
			buildActionMask = 2147483647;
			files = (
			);
			inputPaths = (
				"${PODS_PODFILE_DIR_PATH}/Podfile.lock",
				"${PODS_ROOT}/Manifest.lock",
			);
			name = "[CP] Check Pods Manifest.lock";
			outputPaths = (
				"$(DERIVED_FILE_DIR)/Pods-gelato-checkManifestLockResult.txt",
			);
			runOnlyForDeploymentPostprocessing = 0;
			shellPath = /bin/sh;
			shellScript = "diff \"${PODS_PODFILE_DIR_PATH}/Podfile.lock\" \"${PODS_ROOT}/Manifest.lock\" > /dev/null\nif [ $? != 0 ] ; then\n    # print error to STDERR\n    echo \"error: The sandbox is not in sync with the Podfile.lock. Run 'pod install' or update your CocoaPods installation.\" >&2\n    exit 1\nfi\n# This output is used by Xcode 'outputs' to avoid re-running this script phase.\necho \"SUCCESS\" > \"${SCRIPT_OUTPUT_FILE_0}\"\n";
			showEnvVarsInLog = 0;
		};
		DEB77E43AD59A3560D405A67 /* [CP] Embed Pods Frameworks */ = {
			isa = PBXShellScriptBuildPhase;
			buildActionMask = 2147483647;
			files = (
			);
			inputPaths = (
				"${SRCROOT}/Pods/Target Support Files/Pods-gelato/Pods-gelato-frameworks.sh",
				"${BUILT_PRODUCTS_DIR}/Differentiator/Differentiator.framework",
				"${BUILT_PRODUCTS_DIR}/Realm/Realm.framework",
				"${BUILT_PRODUCTS_DIR}/RealmSwift/RealmSwift.framework",
				"${BUILT_PRODUCTS_DIR}/RxCocoa/RxCocoa.framework",
				"${BUILT_PRODUCTS_DIR}/RxDataSources/RxDataSources.framework",
				"${BUILT_PRODUCTS_DIR}/RxRealm/RxRealm.framework",
				"${BUILT_PRODUCTS_DIR}/RxSwift/RxSwift.framework",
			);
			name = "[CP] Embed Pods Frameworks";
			outputPaths = (
				"${TARGET_BUILD_DIR}/${FRAMEWORKS_FOLDER_PATH}/Differentiator.framework",
				"${TARGET_BUILD_DIR}/${FRAMEWORKS_FOLDER_PATH}/Realm.framework",
				"${TARGET_BUILD_DIR}/${FRAMEWORKS_FOLDER_PATH}/RealmSwift.framework",
				"${TARGET_BUILD_DIR}/${FRAMEWORKS_FOLDER_PATH}/RxCocoa.framework",
				"${TARGET_BUILD_DIR}/${FRAMEWORKS_FOLDER_PATH}/RxDataSources.framework",
				"${TARGET_BUILD_DIR}/${FRAMEWORKS_FOLDER_PATH}/RxRealm.framework",
				"${TARGET_BUILD_DIR}/${FRAMEWORKS_FOLDER_PATH}/RxSwift.framework",
			);
			runOnlyForDeploymentPostprocessing = 0;
			shellPath = /bin/sh;
			shellScript = "\"${SRCROOT}/Pods/Target Support Files/Pods-gelato/Pods-gelato-frameworks.sh\"\n";
			showEnvVarsInLog = 0;
		};
/* End PBXShellScriptBuildPhase section */

/* Begin PBXSourcesBuildPhase section */
		20B2769E1F5F967700C1FEEF /* Sources */ = {
			isa = PBXSourcesBuildPhase;
			buildActionMask = 2147483647;
			files = (
				20AD60061F9730650052DD9E /* MMSlidingButton.swift in Sources */,
				2085A7FB1FE4F02D00002918 /* Fondant.swift in Sources */,
				201B38C31FD3D762004EB971 /* Dish.swift in Sources */,
				20712AA21F70C7340008D557 /* FilterViewController.swift in Sources */,
				20712AA61F70CA5E0008D557 /* MealViewController.swift in Sources */,
				208C610B1FF2933000B35DF3 /* MealViewModel.swift in Sources */,
				20CB03D81F721E17004767C4 /* RestaurantViewController.swift in Sources */,
				2066392A1FE5EF1F00D64D15 /* BiscuitGestureRecognizer.swift in Sources */,
				200674991FD6C5BC00D16EE6 /* FilterDishTableViewCell.swift in Sources */,
				201458401FE4F5B2006B6120 /* MainViewModel.swift in Sources */,
				2052ACBE1F96C9FA0077FEDF /* Cupcake.swift in Sources */,
				204E33721FDCAF0B00684C56 /* CartViewController.swift in Sources */,
				20C115C71FD56FA100859B89 /* FilterViewModel.swift in Sources */,
				204E33751FDCB53200684C56 /* CartTableViewCell.swift in Sources */,
				2052ACC01F96CAEB0077FEDF /* Waffle.swift in Sources */,
				202C0DFE1FDC105300703224 /* CartViewModel.swift in Sources */,
				202C0E011FDC153500703224 /* CartItem.swift in Sources */,
				208C610D1FF293AF00B35DF3 /* RealmManager.swift in Sources */,
				201B38C51FD3D775004EB971 /* Restaurant.swift in Sources */,
				20B276A81F5F967700C1FEEF /* MainViewController.swift in Sources */,
				20712AAA1F70CA770008D557 /* TrackingViewController.swift in Sources */,
				20B276A61F5F967700C1FEEF /* AppDelegate.swift in Sources */,
				2060D58D1F7106D400B5490F /* Brownie.swift in Sources */,
				20DAE8C81FAF03A600005461 /* Cheesecake.swift in Sources */,
				2006749B1FD6C5D000D16EE6 /* FilterRestaurantTableViewCell.swift in Sources */,
				201B38C71FD3D794004EB971 /* Ingredient.swift in Sources */,
				200BC1FD1F5FB344005C30A1 /* SushiRoll.swift in Sources */,
				20A2BF061F720EF600553BD4 /* Fudge.swift in Sources */,
				2006749D1FD6C5E800D16EE6 /* FilterIngredientTableViewCell.swift in Sources */,
				20B276D71F5FA95400C1FEEF /* Biscuit.swift in Sources */,
			);
			runOnlyForDeploymentPostprocessing = 0;
		};
		20B276B51F5F967700C1FEEF /* Sources */ = {
			isa = PBXSourcesBuildPhase;
			buildActionMask = 2147483647;
			files = (
				20B276BE1F5F967700C1FEEF /* gelatoTests.swift in Sources */,
			);
			runOnlyForDeploymentPostprocessing = 0;
		};
		20B276C01F5F967700C1FEEF /* Sources */ = {
			isa = PBXSourcesBuildPhase;
			buildActionMask = 2147483647;
			files = (
				20B276C91F5F967700C1FEEF /* gelatoUITests.swift in Sources */,
			);
			runOnlyForDeploymentPostprocessing = 0;
		};
/* End PBXSourcesBuildPhase section */

/* Begin PBXTargetDependency section */
		20B276BB1F5F967700C1FEEF /* PBXTargetDependency */ = {
			isa = PBXTargetDependency;
			target = 20B276A11F5F967700C1FEEF /* gelato */;
			targetProxy = 20B276BA1F5F967700C1FEEF /* PBXContainerItemProxy */;
		};
		20B276C61F5F967700C1FEEF /* PBXTargetDependency */ = {
			isa = PBXTargetDependency;
			target = 20B276A11F5F967700C1FEEF /* gelato */;
			targetProxy = 20B276C51F5F967700C1FEEF /* PBXContainerItemProxy */;
		};
/* End PBXTargetDependency section */

/* Begin PBXVariantGroup section */
		20A963701F6D1DAB00F528F4 /* Main.storyboard */ = {
			isa = PBXVariantGroup;
			children = (
				20A963711F6D1DAB00F528F4 /* Base */,
			);
			name = Main.storyboard;
			sourceTree = "<group>";
		};
		20B276B11F5F967700C1FEEF /* LaunchScreen.storyboard */ = {
			isa = PBXVariantGroup;
			children = (
				20B276B21F5F967700C1FEEF /* Base */,
			);
			name = LaunchScreen.storyboard;
			sourceTree = "<group>";
		};
/* End PBXVariantGroup section */

/* Begin XCBuildConfiguration section */
		20B276CB1F5F967700C1FEEF /* Debug */ = {
			isa = XCBuildConfiguration;
			buildSettings = {
				ALWAYS_SEARCH_USER_PATHS = NO;
				CLANG_ANALYZER_NONNULL = YES;
				CLANG_ANALYZER_NUMBER_OBJECT_CONVERSION = YES_AGGRESSIVE;
				CLANG_CXX_LANGUAGE_STANDARD = "gnu++0x";
				CLANG_CXX_LIBRARY = "libc++";
				CLANG_ENABLE_MODULES = YES;
				CLANG_ENABLE_OBJC_ARC = YES;
				CLANG_WARN_BLOCK_CAPTURE_AUTORELEASING = YES;
				CLANG_WARN_BOOL_CONVERSION = YES;
				CLANG_WARN_COMMA = YES;
				CLANG_WARN_CONSTANT_CONVERSION = YES;
				CLANG_WARN_DIRECT_OBJC_ISA_USAGE = YES_ERROR;
				CLANG_WARN_DOCUMENTATION_COMMENTS = YES;
				CLANG_WARN_EMPTY_BODY = YES;
				CLANG_WARN_ENUM_CONVERSION = YES;
				CLANG_WARN_INFINITE_RECURSION = YES;
				CLANG_WARN_INT_CONVERSION = YES;
				CLANG_WARN_NON_LITERAL_NULL_CONVERSION = YES;
				CLANG_WARN_OBJC_LITERAL_CONVERSION = YES;
				CLANG_WARN_OBJC_ROOT_CLASS = YES_ERROR;
				CLANG_WARN_RANGE_LOOP_ANALYSIS = YES;
				CLANG_WARN_STRICT_PROTOTYPES = YES;
				CLANG_WARN_SUSPICIOUS_MOVE = YES;
				CLANG_WARN_UNREACHABLE_CODE = YES;
				CLANG_WARN__DUPLICATE_METHOD_MATCH = YES;
				"CODE_SIGN_IDENTITY[sdk=iphoneos*]" = "iPhone Developer";
				COPY_PHASE_STRIP = NO;
				DEBUG_INFORMATION_FORMAT = dwarf;
				ENABLE_STRICT_OBJC_MSGSEND = YES;
				ENABLE_TESTABILITY = YES;
				GCC_C_LANGUAGE_STANDARD = gnu99;
				GCC_DYNAMIC_NO_PIC = NO;
				GCC_NO_COMMON_BLOCKS = YES;
				GCC_OPTIMIZATION_LEVEL = 0;
				GCC_PREPROCESSOR_DEFINITIONS = (
					"DEBUG=1",
					"$(inherited)",
				);
				GCC_WARN_64_TO_32_BIT_CONVERSION = YES;
				GCC_WARN_ABOUT_RETURN_TYPE = YES_ERROR;
				GCC_WARN_UNDECLARED_SELECTOR = YES;
				GCC_WARN_UNINITIALIZED_AUTOS = YES_AGGRESSIVE;
				GCC_WARN_UNUSED_FUNCTION = YES;
				GCC_WARN_UNUSED_VARIABLE = YES;
				IPHONEOS_DEPLOYMENT_TARGET = 10.0;
				MTL_ENABLE_DEBUG_INFO = YES;
				ONLY_ACTIVE_ARCH = YES;
				SDKROOT = iphoneos;
				SWIFT_ACTIVE_COMPILATION_CONDITIONS = DEBUG;
				SWIFT_OPTIMIZATION_LEVEL = "-Onone";
				TARGETED_DEVICE_FAMILY = "1,2";
			};
			name = Debug;
		};
		20B276CC1F5F967700C1FEEF /* Release */ = {
			isa = XCBuildConfiguration;
			buildSettings = {
				ALWAYS_SEARCH_USER_PATHS = NO;
				CLANG_ANALYZER_NONNULL = YES;
				CLANG_ANALYZER_NUMBER_OBJECT_CONVERSION = YES_AGGRESSIVE;
				CLANG_CXX_LANGUAGE_STANDARD = "gnu++0x";
				CLANG_CXX_LIBRARY = "libc++";
				CLANG_ENABLE_MODULES = YES;
				CLANG_ENABLE_OBJC_ARC = YES;
				CLANG_WARN_BLOCK_CAPTURE_AUTORELEASING = YES;
				CLANG_WARN_BOOL_CONVERSION = YES;
				CLANG_WARN_COMMA = YES;
				CLANG_WARN_CONSTANT_CONVERSION = YES;
				CLANG_WARN_DIRECT_OBJC_ISA_USAGE = YES_ERROR;
				CLANG_WARN_DOCUMENTATION_COMMENTS = YES;
				CLANG_WARN_EMPTY_BODY = YES;
				CLANG_WARN_ENUM_CONVERSION = YES;
				CLANG_WARN_INFINITE_RECURSION = YES;
				CLANG_WARN_INT_CONVERSION = YES;
				CLANG_WARN_NON_LITERAL_NULL_CONVERSION = YES;
				CLANG_WARN_OBJC_LITERAL_CONVERSION = YES;
				CLANG_WARN_OBJC_ROOT_CLASS = YES_ERROR;
				CLANG_WARN_RANGE_LOOP_ANALYSIS = YES;
				CLANG_WARN_STRICT_PROTOTYPES = YES;
				CLANG_WARN_SUSPICIOUS_MOVE = YES;
				CLANG_WARN_UNREACHABLE_CODE = YES;
				CLANG_WARN__DUPLICATE_METHOD_MATCH = YES;
				"CODE_SIGN_IDENTITY[sdk=iphoneos*]" = "iPhone Developer";
				COPY_PHASE_STRIP = NO;
				DEBUG_INFORMATION_FORMAT = "dwarf-with-dsym";
				ENABLE_NS_ASSERTIONS = NO;
				ENABLE_STRICT_OBJC_MSGSEND = YES;
				GCC_C_LANGUAGE_STANDARD = gnu99;
				GCC_NO_COMMON_BLOCKS = YES;
				GCC_WARN_64_TO_32_BIT_CONVERSION = YES;
				GCC_WARN_ABOUT_RETURN_TYPE = YES_ERROR;
				GCC_WARN_UNDECLARED_SELECTOR = YES;
				GCC_WARN_UNINITIALIZED_AUTOS = YES_AGGRESSIVE;
				GCC_WARN_UNUSED_FUNCTION = YES;
				GCC_WARN_UNUSED_VARIABLE = YES;
				IPHONEOS_DEPLOYMENT_TARGET = 10.0;
				MTL_ENABLE_DEBUG_INFO = NO;
				SDKROOT = iphoneos;
				SWIFT_OPTIMIZATION_LEVEL = "-Owholemodule";
				TARGETED_DEVICE_FAMILY = "1,2";
				VALIDATE_PRODUCT = YES;
			};
			name = Release;
		};
		20B276CE1F5F967700C1FEEF /* Debug */ = {
			isa = XCBuildConfiguration;
			baseConfigurationReference = 6E6747E1E0192040875E297E /* Pods-gelato.debug.xcconfig */;
			buildSettings = {
				ASSETCATALOG_COMPILER_APPICON_NAME = AppIcon;
				CLANG_ENABLE_MODULES = YES;
				DEVELOPMENT_TEAM = HGBFNGZ46E;
				INFOPLIST_FILE = gelato/Info.plist;
				LD_RUNPATH_SEARCH_PATHS = "$(inherited) @executable_path/Frameworks";
				PRODUCT_BUNDLE_IDENTIFIER = com.zurasta.gelato;
				PRODUCT_NAME = "$(TARGET_NAME)";
				SWIFT_OBJC_BRIDGING_HEADER = "gelato-Bridging-Header.h";
				SWIFT_OPTIMIZATION_LEVEL = "-Onone";
				SWIFT_SWIFT3_OBJC_INFERENCE = Default;
				SWIFT_VERSION = 4.2;
				TARGETED_DEVICE_FAMILY = 1;
			};
			name = Debug;
		};
		20B276CF1F5F967700C1FEEF /* Release */ = {
			isa = XCBuildConfiguration;
			baseConfigurationReference = AD595B98EFFFA40C81654688 /* Pods-gelato.release.xcconfig */;
			buildSettings = {
				ASSETCATALOG_COMPILER_APPICON_NAME = AppIcon;
				CLANG_ENABLE_MODULES = YES;
				DEVELOPMENT_TEAM = HGBFNGZ46E;
				INFOPLIST_FILE = gelato/Info.plist;
				LD_RUNPATH_SEARCH_PATHS = "$(inherited) @executable_path/Frameworks";
				PRODUCT_BUNDLE_IDENTIFIER = com.zurasta.gelato;
				PRODUCT_NAME = "$(TARGET_NAME)";
				SWIFT_OBJC_BRIDGING_HEADER = "gelato-Bridging-Header.h";
				SWIFT_SWIFT3_OBJC_INFERENCE = Default;
				SWIFT_VERSION = 4.2;
				TARGETED_DEVICE_FAMILY = 1;
			};
			name = Release;
		};
		20B276D11F5F967700C1FEEF /* Debug */ = {
			isa = XCBuildConfiguration;
			baseConfigurationReference = BBF4F9C12CF1E2C5852718C3 /* Pods-gelatoTests.debug.xcconfig */;
			buildSettings = {
				ALWAYS_EMBED_SWIFT_STANDARD_LIBRARIES = YES;
				BUNDLE_LOADER = "$(TEST_HOST)";
				INFOPLIST_FILE = gelatoTests/Info.plist;
				LD_RUNPATH_SEARCH_PATHS = "$(inherited) @executable_path/Frameworks @loader_path/Frameworks";
				PRODUCT_BUNDLE_IDENTIFIER = com.zurasta.gelatoTests;
				PRODUCT_NAME = "$(TARGET_NAME)";
				SWIFT_SWIFT3_OBJC_INFERENCE = On;
				SWIFT_VERSION = 4.0;
				TEST_HOST = "$(BUILT_PRODUCTS_DIR)/gelato.app/gelato";
			};
			name = Debug;
		};
		20B276D21F5F967700C1FEEF /* Release */ = {
			isa = XCBuildConfiguration;
			baseConfigurationReference = 1BBE6C7D561A12DEE0F7F6D9 /* Pods-gelatoTests.release.xcconfig */;
			buildSettings = {
				ALWAYS_EMBED_SWIFT_STANDARD_LIBRARIES = YES;
				BUNDLE_LOADER = "$(TEST_HOST)";
				INFOPLIST_FILE = gelatoTests/Info.plist;
				LD_RUNPATH_SEARCH_PATHS = "$(inherited) @executable_path/Frameworks @loader_path/Frameworks";
				PRODUCT_BUNDLE_IDENTIFIER = com.zurasta.gelatoTests;
				PRODUCT_NAME = "$(TARGET_NAME)";
				SWIFT_SWIFT3_OBJC_INFERENCE = On;
				SWIFT_VERSION = 4.0;
				TEST_HOST = "$(BUILT_PRODUCTS_DIR)/gelato.app/gelato";
			};
			name = Release;
		};
		20B276D41F5F967700C1FEEF /* Debug */ = {
			isa = XCBuildConfiguration;
			baseConfigurationReference = 0B1A31D7267A840E3114108A /* Pods-gelatoUITests.debug.xcconfig */;
			buildSettings = {
				ALWAYS_EMBED_SWIFT_STANDARD_LIBRARIES = YES;
				INFOPLIST_FILE = gelatoUITests/Info.plist;
				LD_RUNPATH_SEARCH_PATHS = "$(inherited) @executable_path/Frameworks @loader_path/Frameworks";
				PRODUCT_BUNDLE_IDENTIFIER = com.zurasta.gelatoUITests;
				PRODUCT_NAME = "$(TARGET_NAME)";
				SWIFT_SWIFT3_OBJC_INFERENCE = On;
				SWIFT_VERSION = 4.0;
				TEST_TARGET_NAME = gelato;
			};
			name = Debug;
		};
		20B276D51F5F967700C1FEEF /* Release */ = {
			isa = XCBuildConfiguration;
			baseConfigurationReference = D888AD57B8BD454AA94A4C91 /* Pods-gelatoUITests.release.xcconfig */;
			buildSettings = {
				ALWAYS_EMBED_SWIFT_STANDARD_LIBRARIES = YES;
				INFOPLIST_FILE = gelatoUITests/Info.plist;
				LD_RUNPATH_SEARCH_PATHS = "$(inherited) @executable_path/Frameworks @loader_path/Frameworks";
				PRODUCT_BUNDLE_IDENTIFIER = com.zurasta.gelatoUITests;
				PRODUCT_NAME = "$(TARGET_NAME)";
				SWIFT_SWIFT3_OBJC_INFERENCE = On;
				SWIFT_VERSION = 4.0;
				TEST_TARGET_NAME = gelato;
			};
			name = Release;
		};
/* End XCBuildConfiguration section */

/* Begin XCConfigurationList section */
		20B2769D1F5F967700C1FEEF /* Build configuration list for PBXProject "gelato" */ = {
			isa = XCConfigurationList;
			buildConfigurations = (
				20B276CB1F5F967700C1FEEF /* Debug */,
				20B276CC1F5F967700C1FEEF /* Release */,
			);
			defaultConfigurationIsVisible = 0;
			defaultConfigurationName = Release;
		};
		20B276CD1F5F967700C1FEEF /* Build configuration list for PBXNativeTarget "gelato" */ = {
			isa = XCConfigurationList;
			buildConfigurations = (
				20B276CE1F5F967700C1FEEF /* Debug */,
				20B276CF1F5F967700C1FEEF /* Release */,
			);
			defaultConfigurationIsVisible = 0;
			defaultConfigurationName = Release;
		};
		20B276D01F5F967700C1FEEF /* Build configuration list for PBXNativeTarget "gelatoTests" */ = {
			isa = XCConfigurationList;
			buildConfigurations = (
				20B276D11F5F967700C1FEEF /* Debug */,
				20B276D21F5F967700C1FEEF /* Release */,
			);
			defaultConfigurationIsVisible = 0;
			defaultConfigurationName = Release;
		};
		20B276D31F5F967700C1FEEF /* Build configuration list for PBXNativeTarget "gelatoUITests" */ = {
			isa = XCConfigurationList;
			buildConfigurations = (
				20B276D41F5F967700C1FEEF /* Debug */,
				20B276D51F5F967700C1FEEF /* Release */,
			);
			defaultConfigurationIsVisible = 0;
			defaultConfigurationName = Release;
		};
/* End XCConfigurationList section */
	};
	rootObject = 20B2769A1F5F967700C1FEEF /* Project object */;
}
